{
  "name": "web-sample",
  "lockfileVersion": 3,
  "requires": true,
  "packages": {
    "": {
      "dependencies": {
        "pnpm": "^8.8.0"
      }
    },
    "node_modules/pnpm": {
      "version": "8.8.0",
      "resolved": "https://registry.npmjs.org/pnpm/-/pnpm-8.8.0.tgz",
      "integrity": "sha512-eY5rMiZpzmPI2oVr1irR97bzb036oKwCWvK91wDQndXcqUPlytPtrF0bO668Syw/uA+7hTf5NnM8Mr4ux4BRRA==",
      "bin": {
        "pnpm": "bin/pnpm.cjs",
        "pnpx": "bin/pnpx.cjs"
      },
      "engines": {
        "node": ">=16.14"
      },
      "funding": {
        "url": "https://opencollective.com/pnpm"
      }
    }
  }
}
